
Microsoft Visual Studio Solution File, Format Version 12.00
# Visual Studio Version 17
VisualStudioVersion = 17.4.32916.344
MinimumVisualStudioVersion = 10.0.40219.1
Project("{9A19103F-16F7-4668-BE54-9A1E7A4F7556}") = "OpenMEPRevit", "OpenMEPRevit\OpenMEPRevit.csproj", "{A7FE0286-8CEA-4C63-9603-22D79E98EAB1}"
EndProject
Project("{2150E333-8FDC-42A3-9474-1A3956D46DE8}") = "SolutionItems", "SolutionItems", "{E88D2164-64FA-43C4-AA82-ABAA064404B0}"
	ProjectSection(SolutionItems) = preProject
		.gitattributes = .gitattributes
		.gitignore = .gitignore
		CHANGELOG.md = CHANGELOG.md
		CONTRIBUTING.md = CONTRIBUTING.md
		docs\docfx.json = docs\docfx.json
		docs\OpenMEPCad_DynamoCustomization.xml = docs\OpenMEPCad_DynamoCustomization.xml
		docs\OpenMEPCivil_DynamoCustomization.xml = docs\OpenMEPCivil_DynamoCustomization.xml
		docs\OpenMEPRevit_DynamoCustomization.xml = docs\OpenMEPRevit_DynamoCustomization.xml
		docs\OpenMEPSandbox_DynamoCustomization.xml = docs\OpenMEPSandbox_DynamoCustomization.xml
		docs\pkg.json = docs\pkg.json
		docs\sandbox\pkg.json = docs\sandbox\pkg.json
		docs\civil\pkg.json = docs\civil\pkg.json
		README.md = README.md
		docs\extra\OpenMEP_ViewExtensionDefinition.xml = docs\extra\OpenMEP_ViewExtensionDefinition.xml
		.github\workflows\docfx_deploy.yml = .github\workflows\docfx_deploy.yml
		.github\workflows\Workflow.yml = .github\workflows\Workflow.yml
	EndProjectSection
EndProject
Project("{9A19103F-16F7-4668-BE54-9A1E7A4F7556}") = "DeployInstaller", "DeployInstaller\DeployInstaller.csproj", "{C7835EFE-E1C7-48B2-90D0-E943D43A905D}"
EndProject
Project("{9A19103F-16F7-4668-BE54-9A1E7A4F7556}") = "_build", "build\_build.csproj", "{47C2ECE9-1C28-4E63-A376-A2DE72DF37B9}"
EndProject
Project("{9A19103F-16F7-4668-BE54-9A1E7A4F7556}") = "OpenMEPTest", "OpenMEPTest\OpenMEPTest.csproj", "{C4A7A7CC-2B34-4359-B16E-F8F2082CB840}"
EndProject
Project("{9A19103F-16F7-4668-BE54-9A1E7A4F7556}") = "OpenMEPSandbox", "OpenMEPSandbox\OpenMEPSandbox.csproj", "{5FDD66F2-49B5-4896-B6FB-79B1CC457904}"
EndProject
Project("{9A19103F-16F7-4668-BE54-9A1E7A4F7556}") = "OpenMEPViewExtension", "OpenMEPViewExtension\OpenMEPViewExtension.csproj", "{B061F526-017F-443C-8D13-FD410E9DD5E4}"
EndProject
Project("{9A19103F-16F7-4668-BE54-9A1E7A4F7556}") = "OpenMEPUI", "OpenMEPUI\OpenMEPUI.csproj", "{7AC76E66-5ADA-4D1C-81A5-2EFC2E2C7337}"
EndProject
Project("{9A19103F-16F7-4668-BE54-9A1E7A4F7556}") = "OpenMEPCivil", "OpenMEPCivil\OpenMEPCivil.csproj", "{48298D76-A390-4E7D-98E2-720DE0353318}"
EndProject
Project("{9A19103F-16F7-4668-BE54-9A1E7A4F7556}") = "OpenMEPCad", "OpenMEPCad\OpenMEPCad.csproj", "{317A55CB-BAE9-43AF-8740-18511EFC6567}"
EndProject
Global
	GlobalSection(SolutionConfigurationPlatforms) = preSolution
		Debug R20|Any CPU = Debug R20|Any CPU
		Debug R21|Any CPU = Debug R21|Any CPU
		Debug R22|Any CPU = Debug R22|Any CPU
		Debug R23.1|Any CPU = Debug R23.1|Any CPU
		Debug R23|Any CPU = Debug R23|Any CPU
		Debug R24|Any CPU = Debug R24|Any CPU
		Installer|Any CPU = Installer|Any CPU
		Release R20|Any CPU = Release R20|Any CPU
		Release R21|Any CPU = Release R21|Any CPU
		Release R22|Any CPU = Release R22|Any CPU
		Release R23.1|Any CPU = Release R23.1|Any CPU
		Release R23|Any CPU = Release R23|Any CPU
		Release R24.1|Any CPU = Release R24.1|Any CPU
		Release R24.2|Any CPU = Release R24.2|Any CPU
		Release R24|Any CPU = Release R24|Any CPU
		Release R25|Any CPU = Release R25|Any CPU
	EndGlobalSection
	GlobalSection(ProjectConfigurationPlatforms) = postSolution
		{A7FE0286-8CEA-4C63-9603-22D79E98EAB1}.Debug R20|Any CPU.ActiveCfg = Debug R20|Any CPU
		{A7FE0286-8CEA-4C63-9603-22D79E98EAB1}.Debug R20|Any CPU.Build.0 = Debug R20|Any CPU
		{A7FE0286-8CEA-4C63-9603-22D79E98EAB1}.Debug R21|Any CPU.ActiveCfg = Debug R21|Any CPU
		{A7FE0286-8CEA-4C63-9603-22D79E98EAB1}.Debug R21|Any CPU.Build.0 = Debug R21|Any CPU
		{A7FE0286-8CEA-4C63-9603-22D79E98EAB1}.Debug R22|Any CPU.ActiveCfg = Debug R22|Any CPU
		{A7FE0286-8CEA-4C63-9603-22D79E98EAB1}.Debug R22|Any CPU.Build.0 = Debug R22|Any CPU
		{A7FE0286-8CEA-4C63-9603-22D79E98EAB1}.Debug R23.1|Any CPU.ActiveCfg = Debug R23.1|Any CPU
		{A7FE0286-8CEA-4C63-9603-22D79E98EAB1}.Debug R23.1|Any CPU.Build.0 = Debug R23.1|Any CPU
		{A7FE0286-8CEA-4C63-9603-22D79E98EAB1}.Debug R23|Any CPU.ActiveCfg = Debug R23|Any CPU
		{A7FE0286-8CEA-4C63-9603-22D79E98EAB1}.Debug R23|Any CPU.Build.0 = Debug R23|Any CPU
		{A7FE0286-8CEA-4C63-9603-22D79E98EAB1}.Debug R24|Any CPU.ActiveCfg = Debug R24|Any CPU
		{A7FE0286-8CEA-4C63-9603-22D79E98EAB1}.Debug R24|Any CPU.Build.0 = Debug R24|Any CPU
		{A7FE0286-8CEA-4C63-9603-22D79E98EAB1}.Installer|Any CPU.ActiveCfg = Release R24|Any CPU
		{A7FE0286-8CEA-4C63-9603-22D79E98EAB1}.Installer|Any CPU.Build.0 = Release R24|Any CPU
		{A7FE0286-8CEA-4C63-9603-22D79E98EAB1}.Release R20|Any CPU.ActiveCfg = Release R20|Any CPU
		{A7FE0286-8CEA-4C63-9603-22D79E98EAB1}.Release R20|Any CPU.Build.0 = Release R20|Any CPU
		{A7FE0286-8CEA-4C63-9603-22D79E98EAB1}.Release R21|Any CPU.ActiveCfg = Release R21|Any CPU
		{A7FE0286-8CEA-4C63-9603-22D79E98EAB1}.Release R21|Any CPU.Build.0 = Release R21|Any CPU
		{A7FE0286-8CEA-4C63-9603-22D79E98EAB1}.Release R22|Any CPU.ActiveCfg = Release R22|Any CPU
		{A7FE0286-8CEA-4C63-9603-22D79E98EAB1}.Release R22|Any CPU.Build.0 = Release R22|Any CPU
		{A7FE0286-8CEA-4C63-9603-22D79E98EAB1}.Release R23.1|Any CPU.ActiveCfg = Release R23.1|Any CPU
		{A7FE0286-8CEA-4C63-9603-22D79E98EAB1}.Release R23.1|Any CPU.Build.0 = Release R23.1|Any CPU
		{A7FE0286-8CEA-4C63-9603-22D79E98EAB1}.Release R23|Any CPU.ActiveCfg = Release R23|Any CPU
		{A7FE0286-8CEA-4C63-9603-22D79E98EAB1}.Release R23|Any CPU.Build.0 = Release R23|Any CPU
		{A7FE0286-8CEA-4C63-9603-22D79E98EAB1}.Release R24.1|Any CPU.ActiveCfg = Release R24.1|Any CPU
		{A7FE0286-8CEA-4C63-9603-22D79E98EAB1}.Release R24.1|Any CPU.Build.0 = Release R24.1|Any CPU
		{A7FE0286-8CEA-4C63-9603-22D79E98EAB1}.Release R24|Any CPU.ActiveCfg = Release R24|Any CPU
		{A7FE0286-8CEA-4C63-9603-22D79E98EAB1}.Release R24|Any CPU.Build.0 = Release R24|Any CPU
		{A7FE0286-8CEA-4C63-9603-22D79E98EAB1}.Release R24.2|Any CPU.ActiveCfg = Release R24.2|Any CPU
		{A7FE0286-8CEA-4C63-9603-22D79E98EAB1}.Release R24.2|Any CPU.Build.0 = Release R24.2|Any CPU
		{A7FE0286-8CEA-4C63-9603-22D79E98EAB1}.Release R25|Any CPU.ActiveCfg = Release R25|Any CPU
		{A7FE0286-8CEA-4C63-9603-22D79E98EAB1}.Release R25|Any CPU.Build.0 = Release R25|Any CPU
		{C7835EFE-E1C7-48B2-90D0-E943D43A905D}.Debug R20|Any CPU.ActiveCfg = Debug|Any CPU
		{C7835EFE-E1C7-48B2-90D0-E943D43A905D}.Debug R21|Any CPU.ActiveCfg = Debug|Any CPU
		{C7835EFE-E1C7-48B2-90D0-E943D43A905D}.Debug R22|Any CPU.ActiveCfg = Debug|Any CPU
		{C7835EFE-E1C7-48B2-90D0-E943D43A905D}.Debug R23.1|Any CPU.ActiveCfg = Debug|Any CPU
		{C7835EFE-E1C7-48B2-90D0-E943D43A905D}.Debug R23|Any CPU.ActiveCfg = Debug|Any CPU
		{C7835EFE-E1C7-48B2-90D0-E943D43A905D}.Debug R24|Any CPU.ActiveCfg = Debug|Any CPU
		{C7835EFE-E1C7-48B2-90D0-E943D43A905D}.Installer|Any CPU.ActiveCfg = Release|Any CPU
		{C7835EFE-E1C7-48B2-90D0-E943D43A905D}.Installer|Any CPU.Build.0 = Release|Any CPU
		{C7835EFE-E1C7-48B2-90D0-E943D43A905D}.Release R20|Any CPU.ActiveCfg = Release|Any CPU
		{C7835EFE-E1C7-48B2-90D0-E943D43A905D}.Release R21|Any CPU.ActiveCfg = Release|Any CPU
		{C7835EFE-E1C7-48B2-90D0-E943D43A905D}.Release R22|Any CPU.ActiveCfg = Release|Any CPU
		{C7835EFE-E1C7-48B2-90D0-E943D43A905D}.Release R23.1|Any CPU.ActiveCfg = Release|Any CPU
		{C7835EFE-E1C7-48B2-90D0-E943D43A905D}.Release R23|Any CPU.ActiveCfg = Release|Any CPU
		{C7835EFE-E1C7-48B2-90D0-E943D43A905D}.Release R24.1|Any CPU.ActiveCfg = Release|Any CPU
		{C7835EFE-E1C7-48B2-90D0-E943D43A905D}.Release R24|Any CPU.ActiveCfg = Release|Any CPU
		{C7835EFE-E1C7-48B2-90D0-E943D43A905D}.Release R24.2|Any CPU.ActiveCfg = Release|Any CPU
		{C7835EFE-E1C7-48B2-90D0-E943D43A905D}.Release R25|Any CPU.ActiveCfg = Release|Any CPU
		{47C2ECE9-1C28-4E63-A376-A2DE72DF37B9}.Debug R20|Any CPU.ActiveCfg = Debug|Any CPU
		{47C2ECE9-1C28-4E63-A376-A2DE72DF37B9}.Debug R21|Any CPU.ActiveCfg = Debug|Any CPU
		{47C2ECE9-1C28-4E63-A376-A2DE72DF37B9}.Debug R22|Any CPU.ActiveCfg = Debug|Any CPU
		{47C2ECE9-1C28-4E63-A376-A2DE72DF37B9}.Debug R23.1|Any CPU.ActiveCfg = Debug|Any CPU
		{47C2ECE9-1C28-4E63-A376-A2DE72DF37B9}.Debug R23|Any CPU.ActiveCfg = Debug|Any CPU
		{47C2ECE9-1C28-4E63-A376-A2DE72DF37B9}.Debug R24|Any CPU.ActiveCfg = Debug|Any CPU
		{47C2ECE9-1C28-4E63-A376-A2DE72DF37B9}.Installer|Any CPU.ActiveCfg = Release|Any CPU
		{47C2ECE9-1C28-4E63-A376-A2DE72DF37B9}.Release R20|Any CPU.ActiveCfg = Release|Any CPU
		{47C2ECE9-1C28-4E63-A376-A2DE72DF37B9}.Release R21|Any CPU.ActiveCfg = Release|Any CPU
		{47C2ECE9-1C28-4E63-A376-A2DE72DF37B9}.Release R22|Any CPU.ActiveCfg = Release|Any CPU
		{47C2ECE9-1C28-4E63-A376-A2DE72DF37B9}.Release R23.1|Any CPU.ActiveCfg = Release|Any CPU
		{47C2ECE9-1C28-4E63-A376-A2DE72DF37B9}.Release R23|Any CPU.ActiveCfg = Release|Any CPU
		{47C2ECE9-1C28-4E63-A376-A2DE72DF37B9}.Release R24.1|Any CPU.ActiveCfg = Release|Any CPU
		{47C2ECE9-1C28-4E63-A376-A2DE72DF37B9}.Release R24|Any CPU.ActiveCfg = Release|Any CPU
		{47C2ECE9-1C28-4E63-A376-A2DE72DF37B9}.Release R24.2|Any CPU.ActiveCfg = Release|Any CPU
		{47C2ECE9-1C28-4E63-A376-A2DE72DF37B9}.Release R25|Any CPU.ActiveCfg = Release|Any CPU
		{C4A7A7CC-2B34-4359-B16E-F8F2082CB840}.Debug R20|Any CPU.ActiveCfg = Debug R20|Any CPU
		{C4A7A7CC-2B34-4359-B16E-F8F2082CB840}.Debug R20|Any CPU.Build.0 = Debug R20|Any CPU
		{C4A7A7CC-2B34-4359-B16E-F8F2082CB840}.Debug R21|Any CPU.ActiveCfg = Debug R21|Any CPU
		{C4A7A7CC-2B34-4359-B16E-F8F2082CB840}.Debug R21|Any CPU.Build.0 = Debug R21|Any CPU
		{C4A7A7CC-2B34-4359-B16E-F8F2082CB840}.Debug R22|Any CPU.ActiveCfg = Debug R22|Any CPU
		{C4A7A7CC-2B34-4359-B16E-F8F2082CB840}.Debug R22|Any CPU.Build.0 = Debug R22|Any CPU
		{C4A7A7CC-2B34-4359-B16E-F8F2082CB840}.Debug R23.1|Any CPU.ActiveCfg = Debug R23.1|Any CPU
		{C4A7A7CC-2B34-4359-B16E-F8F2082CB840}.Debug R23.1|Any CPU.Build.0 = Debug R23.1|Any CPU
		{C4A7A7CC-2B34-4359-B16E-F8F2082CB840}.Debug R23|Any CPU.ActiveCfg = Debug R23|Any CPU
		{C4A7A7CC-2B34-4359-B16E-F8F2082CB840}.Debug R24|Any CPU.ActiveCfg = Debug R24|Any CPU
		{C4A7A7CC-2B34-4359-B16E-F8F2082CB840}.Installer|Any CPU.ActiveCfg = Release R24|Any CPU
		{C4A7A7CC-2B34-4359-B16E-F8F2082CB840}.Installer|Any CPU.Build.0 = Release R24|Any CPU
		{C4A7A7CC-2B34-4359-B16E-F8F2082CB840}.Release R20|Any CPU.ActiveCfg = Release R20|Any CPU
		{C4A7A7CC-2B34-4359-B16E-F8F2082CB840}.Release R20|Any CPU.Build.0 = Release R20|Any CPU
		{C4A7A7CC-2B34-4359-B16E-F8F2082CB840}.Release R21|Any CPU.ActiveCfg = Release R21|Any CPU
		{C4A7A7CC-2B34-4359-B16E-F8F2082CB840}.Release R22|Any CPU.ActiveCfg = Release R22|Any CPU
		{C4A7A7CC-2B34-4359-B16E-F8F2082CB840}.Release R23.1|Any CPU.ActiveCfg = Release R23.1|Any CPU
		{C4A7A7CC-2B34-4359-B16E-F8F2082CB840}.Release R23|Any CPU.ActiveCfg = Release R23|Any CPU
		{C4A7A7CC-2B34-4359-B16E-F8F2082CB840}.Release R24.1|Any CPU.ActiveCfg = Release R24|Any CPU
		{C4A7A7CC-2B34-4359-B16E-F8F2082CB840}.Release R24|Any CPU.ActiveCfg = Release R24|Any CPU
		{C4A7A7CC-2B34-4359-B16E-F8F2082CB840}.Release R25|Any CPU.ActiveCfg = Release R25|Any CPU
		{5FDD66F2-49B5-4896-B6FB-79B1CC457904}.Debug R20|Any CPU.ActiveCfg = Debug R20|Any CPU
		{5FDD66F2-49B5-4896-B6FB-79B1CC457904}.Debug R20|Any CPU.Build.0 = Debug R20|Any CPU
		{5FDD66F2-49B5-4896-B6FB-79B1CC457904}.Debug R21|Any CPU.ActiveCfg = Debug R21|Any CPU
		{5FDD66F2-49B5-4896-B6FB-79B1CC457904}.Debug R21|Any CPU.Build.0 = Debug R21|Any CPU
		{5FDD66F2-49B5-4896-B6FB-79B1CC457904}.Debug R22|Any CPU.ActiveCfg = Debug R22|Any CPU
		{5FDD66F2-49B5-4896-B6FB-79B1CC457904}.Debug R22|Any CPU.Build.0 = Debug R22|Any CPU
		{5FDD66F2-49B5-4896-B6FB-79B1CC457904}.Debug R23.1|Any CPU.ActiveCfg = Debug R23.1|Any CPU
		{5FDD66F2-49B5-4896-B6FB-79B1CC457904}.Debug R23.1|Any CPU.Build.0 = Debug R23.1|Any CPU
		{5FDD66F2-49B5-4896-B6FB-79B1CC457904}.Debug R23|Any CPU.ActiveCfg = Debug R23|Any CPU
		{5FDD66F2-49B5-4896-B6FB-79B1CC457904}.Debug R23|Any CPU.Build.0 = Debug R23|Any CPU
		{5FDD66F2-49B5-4896-B6FB-79B1CC457904}.Debug R24|Any CPU.ActiveCfg = Debug R24|Any CPU
		{5FDD66F2-49B5-4896-B6FB-79B1CC457904}.Debug R24|Any CPU.Build.0 = Debug R24|Any CPU
		{5FDD66F2-49B5-4896-B6FB-79B1CC457904}.Installer|Any CPU.ActiveCfg = Release R24|Any CPU
		{5FDD66F2-49B5-4896-B6FB-79B1CC457904}.Installer|Any CPU.Build.0 = Release R24|Any CPU
		{5FDD66F2-49B5-4896-B6FB-79B1CC457904}.Release R20|Any CPU.ActiveCfg = Release R20|Any CPU
		{5FDD66F2-49B5-4896-B6FB-79B1CC457904}.Release R20|Any CPU.Build.0 = Release R20|Any CPU
		{5FDD66F2-49B5-4896-B6FB-79B1CC457904}.Release R21|Any CPU.ActiveCfg = Release R21|Any CPU
		{5FDD66F2-49B5-4896-B6FB-79B1CC457904}.Release R21|Any CPU.Build.0 = Release R21|Any CPU
		{5FDD66F2-49B5-4896-B6FB-79B1CC457904}.Release R22|Any CPU.ActiveCfg = Release R22|Any CPU
		{5FDD66F2-49B5-4896-B6FB-79B1CC457904}.Release R22|Any CPU.Build.0 = Release R22|Any CPU
		{5FDD66F2-49B5-4896-B6FB-79B1CC457904}.Release R23.1|Any CPU.ActiveCfg = Release R23.1|Any CPU
		{5FDD66F2-49B5-4896-B6FB-79B1CC457904}.Release R23.1|Any CPU.Build.0 = Release R23.1|Any CPU
		{5FDD66F2-49B5-4896-B6FB-79B1CC457904}.Release R23|Any CPU.ActiveCfg = Release R23|Any CPU
		{5FDD66F2-49B5-4896-B6FB-79B1CC457904}.Release R23|Any CPU.Build.0 = Release R23|Any CPU
		{5FDD66F2-49B5-4896-B6FB-79B1CC457904}.Release R24.1|Any CPU.ActiveCfg = Release R24|Any CPU
		{5FDD66F2-49B5-4896-B6FB-79B1CC457904}.Release R24.1|Any CPU.Build.0 = Release R24|Any CPU
		{5FDD66F2-49B5-4896-B6FB-79B1CC457904}.Release R24|Any CPU.ActiveCfg = Release R24|Any CPU
		{5FDD66F2-49B5-4896-B6FB-79B1CC457904}.Release R24|Any CPU.Build.0 = Release R24|Any CPU
		{5FDD66F2-49B5-4896-B6FB-79B1CC457904}.Release R24.2|Any CPU.ActiveCfg = Release R24|Any CPU
		{5FDD66F2-49B5-4896-B6FB-79B1CC457904}.Release R24.2|Any CPU.Build.0 = Release R24|Any CPU
		{5FDD66F2-49B5-4896-B6FB-79B1CC457904}.Release R25|Any CPU.ActiveCfg = Release R25|Any CPU
		{5FDD66F2-49B5-4896-B6FB-79B1CC457904}.Release R25|Any CPU.Build.0 = Release R25|Any CPU
		{B061F526-017F-443C-8D13-FD410E9DD5E4}.Debug R20|Any CPU.ActiveCfg = Debug R20|Any CPU
		{B061F526-017F-443C-8D13-FD410E9DD5E4}.Debug R20|Any CPU.Build.0 = Debug R20|Any CPU
		{B061F526-017F-443C-8D13-FD410E9DD5E4}.Debug R21|Any CPU.ActiveCfg = Debug R21|Any CPU
		{B061F526-017F-443C-8D13-FD410E9DD5E4}.Debug R21|Any CPU.Build.0 = Debug R21|Any CPU
		{B061F526-017F-443C-8D13-FD410E9DD5E4}.Debug R22|Any CPU.ActiveCfg = Debug R22|Any CPU
		{B061F526-017F-443C-8D13-FD410E9DD5E4}.Debug R22|Any CPU.Build.0 = Debug R22|Any CPU
		{B061F526-017F-443C-8D13-FD410E9DD5E4}.Debug R23.1|Any CPU.ActiveCfg = Debug R23.1|Any CPU
		{B061F526-017F-443C-8D13-FD410E9DD5E4}.Debug R23.1|Any CPU.Build.0 = Debug R23.1|Any CPU
		{B061F526-017F-443C-8D13-FD410E9DD5E4}.Debug R23|Any CPU.ActiveCfg = Debug R23|Any CPU
		{B061F526-017F-443C-8D13-FD410E9DD5E4}.Debug R23|Any CPU.Build.0 = Debug R23|Any CPU
		{B061F526-017F-443C-8D13-FD410E9DD5E4}.Debug R24|Any CPU.ActiveCfg = Debug R24|Any CPU
		{B061F526-017F-443C-8D13-FD410E9DD5E4}.Debug R24|Any CPU.Build.0 = Debug R24|Any CPU
		{B061F526-017F-443C-8D13-FD410E9DD5E4}.Installer|Any CPU.ActiveCfg = Release R24|Any CPU
		{B061F526-017F-443C-8D13-FD410E9DD5E4}.Installer|Any CPU.Build.0 = Release R24|Any CPU
		{B061F526-017F-443C-8D13-FD410E9DD5E4}.Release R20|Any CPU.ActiveCfg = Release R20|Any CPU
		{B061F526-017F-443C-8D13-FD410E9DD5E4}.Release R20|Any CPU.Build.0 = Release R20|Any CPU
		{B061F526-017F-443C-8D13-FD410E9DD5E4}.Release R21|Any CPU.ActiveCfg = Release R21|Any CPU
		{B061F526-017F-443C-8D13-FD410E9DD5E4}.Release R21|Any CPU.Build.0 = Release R21|Any CPU
		{B061F526-017F-443C-8D13-FD410E9DD5E4}.Release R22|Any CPU.ActiveCfg = Release R22|Any CPU
		{B061F526-017F-443C-8D13-FD410E9DD5E4}.Release R22|Any CPU.Build.0 = Release R22|Any CPU
		{B061F526-017F-443C-8D13-FD410E9DD5E4}.Release R23.1|Any CPU.ActiveCfg = Release R23.1|Any CPU
		{B061F526-017F-443C-8D13-FD410E9DD5E4}.Release R23.1|Any CPU.Build.0 = Release R23.1|Any CPU
		{B061F526-017F-443C-8D13-FD410E9DD5E4}.Release R23|Any CPU.ActiveCfg = Release R23|Any CPU
		{B061F526-017F-443C-8D13-FD410E9DD5E4}.Release R23|Any CPU.Build.0 = Release R23|Any CPU
		{B061F526-017F-443C-8D13-FD410E9DD5E4}.Release R24.1|Any CPU.ActiveCfg = Release R24|Any CPU
		{B061F526-017F-443C-8D13-FD410E9DD5E4}.Release R24.1|Any CPU.Build.0 = Release R24|Any CPU
		{B061F526-017F-443C-8D13-FD410E9DD5E4}.Release R24|Any CPU.ActiveCfg = Release R24|Any CPU
		{B061F526-017F-443C-8D13-FD410E9DD5E4}.Release R24|Any CPU.Build.0 = Release R24|Any CPU
		{B061F526-017F-443C-8D13-FD410E9DD5E4}.Release R24.2|Any CPU.ActiveCfg = Release R24|Any CPU
		{B061F526-017F-443C-8D13-FD410E9DD5E4}.Release R24.2|Any CPU.Build.0 = Release R24|Any CPU
		{B061F526-017F-443C-8D13-FD410E9DD5E4}.Release R25|Any CPU.ActiveCfg = Release R24|Any CPU
		{B061F526-017F-443C-8D13-FD410E9DD5E4}.Release R25|Any CPU.Build.0 = Release R24|Any CPU
		{7AC76E66-5ADA-4D1C-81A5-2EFC2E2C7337}.Debug R20|Any CPU.ActiveCfg = Debug R20|Any CPU
		{7AC76E66-5ADA-4D1C-81A5-2EFC2E2C7337}.Debug R20|Any CPU.Build.0 = Debug R20|Any CPU
		{7AC76E66-5ADA-4D1C-81A5-2EFC2E2C7337}.Debug R21|Any CPU.ActiveCfg = Debug R21|Any CPU
		{7AC76E66-5ADA-4D1C-81A5-2EFC2E2C7337}.Debug R21|Any CPU.Build.0 = Debug R21|Any CPU
		{7AC76E66-5ADA-4D1C-81A5-2EFC2E2C7337}.Debug R22|Any CPU.ActiveCfg = Debug R22|Any CPU
		{7AC76E66-5ADA-4D1C-81A5-2EFC2E2C7337}.Debug R22|Any CPU.Build.0 = Debug R22|Any CPU
		{7AC76E66-5ADA-4D1C-81A5-2EFC2E2C7337}.Debug R23.1|Any CPU.ActiveCfg = Debug R23.1|Any CPU
		{7AC76E66-5ADA-4D1C-81A5-2EFC2E2C7337}.Debug R23.1|Any CPU.Build.0 = Debug R23.1|Any CPU
		{7AC76E66-5ADA-4D1C-81A5-2EFC2E2C7337}.Debug R23|Any CPU.ActiveCfg = Debug R23|Any CPU
		{7AC76E66-5ADA-4D1C-81A5-2EFC2E2C7337}.Debug R23|Any CPU.Build.0 = Debug R23|Any CPU
		{7AC76E66-5ADA-4D1C-81A5-2EFC2E2C7337}.Debug R24|Any CPU.ActiveCfg = Debug R24|Any CPU
		{7AC76E66-5ADA-4D1C-81A5-2EFC2E2C7337}.Debug R24|Any CPU.Build.0 = Debug R24|Any CPU
		{7AC76E66-5ADA-4D1C-81A5-2EFC2E2C7337}.Installer|Any CPU.ActiveCfg = Release R24|Any CPU
		{7AC76E66-5ADA-4D1C-81A5-2EFC2E2C7337}.Installer|Any CPU.Build.0 = Release R24|Any CPU
		{7AC76E66-5ADA-4D1C-81A5-2EFC2E2C7337}.Release R20|Any CPU.ActiveCfg = Release R20|Any CPU
		{7AC76E66-5ADA-4D1C-81A5-2EFC2E2C7337}.Release R20|Any CPU.Build.0 = Release R20|Any CPU
		{7AC76E66-5ADA-4D1C-81A5-2EFC2E2C7337}.Release R21|Any CPU.ActiveCfg = Release R21|Any CPU
		{7AC76E66-5ADA-4D1C-81A5-2EFC2E2C7337}.Release R21|Any CPU.Build.0 = Release R21|Any CPU
		{7AC76E66-5ADA-4D1C-81A5-2EFC2E2C7337}.Release R22|Any CPU.ActiveCfg = Release R22|Any CPU
		{7AC76E66-5ADA-4D1C-81A5-2EFC2E2C7337}.Release R22|Any CPU.Build.0 = Release R22|Any CPU
		{7AC76E66-5ADA-4D1C-81A5-2EFC2E2C7337}.Release R23.1|Any CPU.ActiveCfg = Release R23.1|Any CPU
		{7AC76E66-5ADA-4D1C-81A5-2EFC2E2C7337}.Release R23.1|Any CPU.Build.0 = Release R23.1|Any CPU
		{7AC76E66-5ADA-4D1C-81A5-2EFC2E2C7337}.Release R23|Any CPU.ActiveCfg = Release R23|Any CPU
		{7AC76E66-5ADA-4D1C-81A5-2EFC2E2C7337}.Release R23|Any CPU.Build.0 = Release R23|Any CPU
		{7AC76E66-5ADA-4D1C-81A5-2EFC2E2C7337}.Release R24.1|Any CPU.ActiveCfg = Release R24|Any CPU
		{7AC76E66-5ADA-4D1C-81A5-2EFC2E2C7337}.Release R24.1|Any CPU.Build.0 = Release R24|Any CPU
		{7AC76E66-5ADA-4D1C-81A5-2EFC2E2C7337}.Release R24|Any CPU.ActiveCfg = Release R24|Any CPU
		{7AC76E66-5ADA-4D1C-81A5-2EFC2E2C7337}.Release R24|Any CPU.Build.0 = Release R24|Any CPU
		{7AC76E66-5ADA-4D1C-81A5-2EFC2E2C7337}.Release R24.2|Any CPU.ActiveCfg = Release R24|Any CPU
		{7AC76E66-5ADA-4D1C-81A5-2EFC2E2C7337}.Release R24.2|Any CPU.Build.0 = Release R24|Any CPU
		{7AC76E66-5ADA-4D1C-81A5-2EFC2E2C7337}.Release R25|Any CPU.ActiveCfg = Release R24|Any CPU
		{7AC76E66-5ADA-4D1C-81A5-2EFC2E2C7337}.Release R25|Any CPU.Build.0 = Release R24|Any CPU
		{48298D76-A390-4E7D-98E2-720DE0353318}.Debug R20|Any CPU.ActiveCfg = Debug R20|Any CPU
		{48298D76-A390-4E7D-98E2-720DE0353318}.Debug R20|Any CPU.Build.0 = Debug R20|Any CPU
		{48298D76-A390-4E7D-98E2-720DE0353318}.Debug R21|Any CPU.ActiveCfg = Debug R21|Any CPU
		{48298D76-A390-4E7D-98E2-720DE0353318}.Debug R21|Any CPU.Build.0 = Debug R21|Any CPU
		{48298D76-A390-4E7D-98E2-720DE0353318}.Debug R22|Any CPU.ActiveCfg = Debug R22|Any CPU
		{48298D76-A390-4E7D-98E2-720DE0353318}.Debug R22|Any CPU.Build.0 = Debug R22|Any CPU
		{48298D76-A390-4E7D-98E2-720DE0353318}.Debug R23.1|Any CPU.ActiveCfg = Debug R23.1|Any CPU
		{48298D76-A390-4E7D-98E2-720DE0353318}.Debug R23.1|Any CPU.Build.0 = Debug R23.1|Any CPU
		{48298D76-A390-4E7D-98E2-720DE0353318}.Debug R23|Any CPU.ActiveCfg = Debug R23|Any CPU
		{48298D76-A390-4E7D-98E2-720DE0353318}.Debug R23|Any CPU.Build.0 = Debug R23|Any CPU
		{48298D76-A390-4E7D-98E2-720DE0353318}.Debug R24|Any CPU.ActiveCfg = Debug R24|Any CPU
		{48298D76-A390-4E7D-98E2-720DE0353318}.Debug R24|Any CPU.Build.0 = Debug R24|Any CPU
		{48298D76-A390-4E7D-98E2-720DE0353318}.Installer|Any CPU.ActiveCfg = Debug R20|Any CPU
		{48298D76-A390-4E7D-98E2-720DE0353318}.Installer|Any CPU.Build.0 = Debug R20|Any CPU
		{48298D76-A390-4E7D-98E2-720DE0353318}.Release R20|Any CPU.ActiveCfg = Release R20|Any CPU
		{48298D76-A390-4E7D-98E2-720DE0353318}.Release R21|Any CPU.ActiveCfg = Release R20|Any CPU
		{48298D76-A390-4E7D-98E2-720DE0353318}.Release R22|Any CPU.ActiveCfg = Release R22|Any CPU
		{48298D76-A390-4E7D-98E2-720DE0353318}.Release R22|Any CPU.Build.0 = Release R22|Any CPU
		{48298D76-A390-4E7D-98E2-720DE0353318}.Release R23.1|Any CPU.ActiveCfg = Release R23.1|Any CPU
		{48298D76-A390-4E7D-98E2-720DE0353318}.Release R23.1|Any CPU.Build.0 = Release R23.1|Any CPU
		{48298D76-A390-4E7D-98E2-720DE0353318}.Release R23|Any CPU.ActiveCfg = Release R23|Any CPU
		{48298D76-A390-4E7D-98E2-720DE0353318}.Release R23|Any CPU.Build.0 = Release R23|Any CPU
		{48298D76-A390-4E7D-98E2-720DE0353318}.Release R24.1|Any CPU.ActiveCfg = Release R24|Any CPU
		{48298D76-A390-4E7D-98E2-720DE0353318}.Release R24.1|Any CPU.Build.0 = Release R24|Any CPU
		{48298D76-A390-4E7D-98E2-720DE0353318}.Release R24|Any CPU.ActiveCfg = Release R24|Any CPU
		{48298D76-A390-4E7D-98E2-720DE0353318}.Release R24|Any CPU.Build.0 = Release R24|Any CPU
		{48298D76-A390-4E7D-98E2-720DE0353318}.Release R24.2|Any CPU.ActiveCfg = Release R24|Any CPU
		{48298D76-A390-4E7D-98E2-720DE0353318}.Release R24.2|Any CPU.Build.0 = Release R24|Any CPU
		{48298D76-A390-4E7D-98E2-720DE0353318}.Release R25|Any CPU.ActiveCfg = Release R25|Any CPU
		{48298D76-A390-4E7D-98E2-720DE0353318}.Release R25|Any CPU.Build.0 = Release R25|Any CPU
		{317A55CB-BAE9-43AF-8740-18511EFC6567}.Debug R20|Any CPU.ActiveCfg = Debug R20|Any CPU
		{317A55CB-BAE9-43AF-8740-18511EFC6567}.Debug R20|Any CPU.Build.0 = Debug R20|Any CPU
		{317A55CB-BAE9-43AF-8740-18511EFC6567}.Debug R21|Any CPU.ActiveCfg = Debug R21|Any CPU
		{317A55CB-BAE9-43AF-8740-18511EFC6567}.Debug R21|Any CPU.Build.0 = Debug R21|Any CPU
		{317A55CB-BAE9-43AF-8740-18511EFC6567}.Debug R22|Any CPU.ActiveCfg = Debug R22|Any CPU
		{317A55CB-BAE9-43AF-8740-18511EFC6567}.Debug R22|Any CPU.Build.0 = Debug R22|Any CPU
		{317A55CB-BAE9-43AF-8740-18511EFC6567}.Debug R23.1|Any CPU.ActiveCfg = Debug R23.1|Any CPU
		{317A55CB-BAE9-43AF-8740-18511EFC6567}.Debug R23.1|Any CPU.Build.0 = Debug R23.1|Any CPU
		{317A55CB-BAE9-43AF-8740-18511EFC6567}.Debug R23|Any CPU.ActiveCfg = Debug R23|Any CPU
		{317A55CB-BAE9-43AF-8740-18511EFC6567}.Debug R23|Any CPU.Build.0 = Debug R23|Any CPU
		{317A55CB-BAE9-43AF-8740-18511EFC6567}.Debug R24|Any CPU.ActiveCfg = Debug R24|Any CPU
		{317A55CB-BAE9-43AF-8740-18511EFC6567}.Debug R24|Any CPU.Build.0 = Debug R24|Any CPU
		{317A55CB-BAE9-43AF-8740-18511EFC6567}.Installer|Any CPU.ActiveCfg = Release R24|Any CPU
		{317A55CB-BAE9-43AF-8740-18511EFC6567}.Installer|Any CPU.Build.0 = Release R24|Any CPU
		{317A55CB-BAE9-43AF-8740-18511EFC6567}.Release R20|Any CPU.ActiveCfg = Release R20|Any CPU
		{317A55CB-BAE9-43AF-8740-18511EFC6567}.Release R20|Any CPU.Build.0 = Release R20|Any CPU
		{317A55CB-BAE9-43AF-8740-18511EFC6567}.Release R21|Any CPU.ActiveCfg = Release R21|Any CPU
		{317A55CB-BAE9-43AF-8740-18511EFC6567}.Release R21|Any CPU.Build.0 = Release R21|Any CPU
		{317A55CB-BAE9-43AF-8740-18511EFC6567}.Release R22|Any CPU.ActiveCfg = Release R22|Any CPU
		{317A55CB-BAE9-43AF-8740-18511EFC6567}.Release R22|Any CPU.Build.0 = Release R22|Any CPU
		{317A55CB-BAE9-43AF-8740-18511EFC6567}.Release R23.1|Any CPU.ActiveCfg = Release R23.1|Any CPU
		{317A55CB-BAE9-43AF-8740-18511EFC6567}.Release R23.1|Any CPU.Build.0 = Release R23.1|Any CPU
		{317A55CB-BAE9-43AF-8740-18511EFC6567}.Release R23|Any CPU.ActiveCfg = Release R23|Any CPU
		{317A55CB-BAE9-43AF-8740-18511EFC6567}.Release R23|Any CPU.Build.0 = Release R23|Any CPU
		{317A55CB-BAE9-43AF-8740-18511EFC6567}.Release R24.1|Any CPU.ActiveCfg = Release R24|Any CPU
		{317A55CB-BAE9-43AF-8740-18511EFC6567}.Release R24.1|Any CPU.Build.0 = Release R24|Any CPU
		{317A55CB-BAE9-43AF-8740-18511EFC6567}.Release R24|Any CPU.ActiveCfg = Release R24|Any CPU
		{317A55CB-BAE9-43AF-8740-18511EFC6567}.Release R24|Any CPU.Build.0 = Release R24|Any CPU
		{317A55CB-BAE9-43AF-8740-18511EFC6567}.Release R24.2|Any CPU.ActiveCfg = Release R24|Any CPU
		{317A55CB-BAE9-43AF-8740-18511EFC6567}.Release R24.2|Any CPU.Build.0 = Release R24|Any CPU
		{317A55CB-BAE9-43AF-8740-18511EFC6567}.Release R25|Any CPU.ActiveCfg = Debug R25|Any CPU
		{317A55CB-BAE9-43AF-8740-18511EFC6567}.Release R25|Any CPU.Build.0 = Debug R25|Any CPU
	EndGlobalSection
	GlobalSection(SolutionProperties) = preSolution
		HideSolutionNode = FALSE
	EndGlobalSection
	GlobalSection(ExtensibilityGlobals) = postSolution
		SolutionGuid = {5A8F352E-7107-48C0-80C1-8993F018F5D1}
	EndGlobalSection
EndGlobal
